
Microsoft Visual Studio Solution File, Format Version 12.00
# Visual Studio 15
Project("{FAE04EC0-301F-11D3-BF4B-00C04F79EFBC}") = "YuankunHuang.Tools.Editor", "YuankunHuang.Tools.Editor.csproj", "{C41DB500-681F-2EA7-5894-8BEA56E8CD3F}"
EndProject
Global
	GlobalSection(SolutionConfigurationPlatforms) = preSolution
		Debug|Any CPU = Debug|Any CPU
		Release|Any CPU = Release|Any CPU
	EndGlobalSection
	GlobalSection(ProjectConfigurationPlatforms) = postSolution
		{C41DB500-681F-2EA7-5894-8BEA56E8CD3F}.Debug|Any CPU.ActiveCfg = Debug|Any CPU
		{C41DB500-681F-2EA7-5894-8BEA56E8CD3F}.Debug|Any CPU.Build.0 = Debug|Any CPU
		{C41DB500-681F-2EA7-5894-8BEA56E8CD3F}.Release|Any CPU.ActiveCfg = Release|Any CPU
		{C41DB500-681F-2EA7-5894-8BEA56E8CD3F}.Release|Any CPU.Build.0 = Release|Any CPU
	EndGlobalSection
	GlobalSection(SolutionProperties) = preSolution
		HideSolutionNode = FALSE
	EndGlobalSection
EndGlobal
